
Microsoft Visual Studio Solution File, Format Version 12.00
# Visual Studio Version 16
VisualStudioVersion = 16.0.30225.117
MinimumVisualStudioVersion = 10.0.40219.1
Project("{9A19103F-16F7-4668-BE54-9A1E7A4F7556}") = "Nogupe.Web", "Nogupe.Web.csproj", "{4DCC2D3D-8D4A-4913-8ECA-681B2CBB3FF5}"
EndProject
Project("{2150E333-8FDC-42A3-9474-1A3956D46DE8}") = "src", "src", "{7CBB4FC7-A4FC-49E2-947E-2683728ED061}"
EndProject
Global
	GlobalSection(SolutionConfigurationPlatforms) = preSolution
		Debug|Any CPU = Debug|Any CPU
		Release|Any CPU = Release|Any CPU
	EndGlobalSection
	GlobalSection(ProjectConfigurationPlatforms) = postSolution
		{4DCC2D3D-8D4A-4913-8ECA-681B2CBB3FF5}.Debug|Any CPU.ActiveCfg = Debug|Any CPU
		{4DCC2D3D-8D4A-4913-8ECA-681B2CBB3FF5}.Debug|Any CPU.Build.0 = Debug|Any CPU
		{4DCC2D3D-8D4A-4913-8ECA-681B2CBB3FF5}.Release|Any CPU.ActiveCfg = Release|Any CPU
		{4DCC2D3D-8D4A-4913-8ECA-681B2CBB3FF5}.Release|Any CPU.Build.0 = Release|Any CPU
	EndGlobalSection
	GlobalSection(SolutionProperties) = preSolution
		HideSolutionNode = FALSE
	EndGlobalSection
	GlobalSection(NestedProjects) = preSolution
		{4DCC2D3D-8D4A-4913-8ECA-681B2CBB3FF5} = {7CBB4FC7-A4FC-49E2-947E-2683728ED061}
	EndGlobalSection
	GlobalSection(ExtensibilityGlobals) = postSolution
		SolutionGuid = {A7AF6A53-7CF8-4E63-A0D8-E1A29AE934FD}
	EndGlobalSection
EndGlobal
